# THIS IS AN AUTOGENERATED FILE. DO NOT EDIT THIS FILE DIRECTLY.
# yarn lockfile v1
history@^4.3.0:
  version "4.3.0"
  resolved "https://registry.yarnpkg.com/history/-/history-4.3.0.tgz#42bc1067c22760ac0b792d80264c93591ed3900b"
  dependencies:
    invariant "^2.2.1"
    loose-envify "^1.2.0"
    resolve-pathname "^2.0.0"
    warning "^3.0.0"

invariant@^2.2.1:
  version "2.2.1"
  resolved "https://registry.yarnpkg.com/invariant/-/invariant-2.2.1.tgz#b097010547668c7e337028ebe816ebe36c8a8d54"
  dependencies:
    loose-envify "^1.0.0"

isarray@0.0.1:
  version "0.0.1"
  resolved "https://registry.yarnpkg.com/isarray/-/isarray-0.0.1.tgz#8a18acfca9a8f4177e09abfc6038939b05d1eedf"

js-tokens@^1.0.1:
  version "1.0.3"
  resolved "https://registry.yarnpkg.com/js-tokens/-/js-tokens-1.0.3.tgz#14e56eb68c8f1a92c43d59f5014ec29dc20f2ae1"

loose-envify@^1.0.0, loose-envify@^1.2.0:
  version "1.2.0"
  resolved "https://registry.yarnpkg.com/loose-envify/-/loose-envify-1.2.0.tgz#69a65aad3de542cf4ee0f4fe74e8e33c709ccb0f"
  dependencies:
    js-tokens "^1.0.1"

object-assign@^4.1.0:
  version "4.1.0"
  resolved "https://registry.yarnpkg.com/object-assign/-/object-assign-4.1.0.tgz#7a3b3d0e98063d43f4c03f2e8ae6cd51a86883a0"

path-to-regexp@^1.5.3:
  version "1.6.0"
  resolved "https://registry.yarnpkg.com/path-to-regexp/-/path-to-regexp-1.6.0.tgz#4c59cfeab5e360a2657b180730a4bb4582ecec5b"
  dependencies:
    isarray "0.0.1"

query-string@4.2.3:
  version "4.2.3"
  resolved "https://registry.yarnpkg.com/query-string/-/query-string-4.2.3.tgz#9f27273d207a25a8ee4c7b8c74dcd45d556db822"
  dependencies:
    object-assign "^4.1.0"
    strict-uri-encode "^1.0.0"

react-broadcast@^0.1.1:
  version "0.1.1"
  resolved "https://registry.yarnpkg.com/react-broadcast/-/react-broadcast-0.1.1.tgz#d8da92dcfada6e666e95e153220f9e5bbb1b42f2"
  dependencies:
    invariant "^2.2.1"

react-history@^0.14.0:
  version "0.14.1"
  resolved "https://registry.yarnpkg.com/react-history/-/react-history-0.14.1.tgz#0b97763c1bc96aee6bb59ed9702b86f731869369"
  dependencies:
    history "^4.3.0"

react-router@4.0.0-alpha.4:
  version "4.0.0-alpha.4"
  resolved "https://registry.yarnpkg.com/react-router/-/react-router-4.0.0-alpha.4.tgz#5f19e97b8df497e6f77f68bb1bd9441f56103335"
  dependencies:
    path-to-regexp "^1.5.3"
    query-string "4.2.3"
    react-broadcast "^0.1.1"
    react-history "^0.14.0"

resolve-pathname@^2.0.0:
  version "2.0.2"
  resolved "https://registry.yarnpkg.com/resolve-pathname/-/resolve-pathname-2.0.2.tgz#e55c016eb2e9df1de98e85002282bfb38c630436"

strict-uri-encode@^1.0.0:
  version "1.1.0"
  resolved "https://registry.yarnpkg.com/strict-uri-encode/-/strict-uri-encode-1.1.0.tgz#279b225df1d582b1f54e65addd4352e18faa0713"

warning@^3.0.0:
  version "3.0.0"
  resolved "https://registry.yarnpkg.com/warning/-/warning-3.0.0.tgz#32e5377cb572de4ab04753bdf8821c01ed605b7c"
  dependencies:
    loose-envify "^1.0.0"

